// !$*UTF8*$!
{
	archiveVersion = 1;
	classes = {
	};
	objectVersion = 55;
	objects = {

/* Begin PBXBuildFile section */
		65B50F392950FC5A00646BC0 /* GBShopSwiftUIApp.swift in Sources */ = {isa = PBXBuildFile; fileRef = 65B50F382950FC5A00646BC0 /* GBShopSwiftUIApp.swift */; };
		65B50F3B2950FC5A00646BC0 /* ContentView.swift in Sources */ = {isa = PBXBuildFile; fileRef = 65B50F3A2950FC5A00646BC0 /* ContentView.swift */; };
		65B50F3D2950FC5B00646BC0 /* Assets.xcassets in Resources */ = {isa = PBXBuildFile; fileRef = 65B50F3C2950FC5B00646BC0 /* Assets.xcassets */; };
		65B50F402950FC5B00646BC0 /* Preview Assets.xcassets in Resources */ = {isa = PBXBuildFile; fileRef = 65B50F3F2950FC5B00646BC0 /* Preview Assets.xcassets */; };
		65B50F4A2950FC5B00646BC0 /* GBShopSwiftUITests.swift in Sources */ = {isa = PBXBuildFile; fileRef = 65B50F492950FC5B00646BC0 /* GBShopSwiftUITests.swift */; };
		65B50F542950FC5B00646BC0 /* GBShopSwiftUIUITests.swift in Sources */ = {isa = PBXBuildFile; fileRef = 65B50F532950FC5B00646BC0 /* GBShopSwiftUIUITests.swift */; };
		65B50F562950FC5B00646BC0 /* GBShopSwiftUIUITestsLaunchTests.swift in Sources */ = {isa = PBXBuildFile; fileRef = 65B50F552950FC5B00646BC0 /* GBShopSwiftUIUITestsLaunchTests.swift */; };
/* End PBXBuildFile section */

/* Begin PBXContainerItemProxy section */
		65B50F462950FC5B00646BC0 /* PBXContainerItemProxy */ = {
			isa = PBXContainerItemProxy;
			containerPortal = 65B50F2D2950FC5A00646BC0 /* Project object */;
			proxyType = 1;
			remoteGlobalIDString = 65B50F342950FC5A00646BC0;
			remoteInfo = GBShopSwiftUI;
		};
		65B50F502950FC5B00646BC0 /* PBXContainerItemProxy */ = {
			isa = PBXContainerItemProxy;
			containerPortal = 65B50F2D2950FC5A00646BC0 /* Project object */;
			proxyType = 1;
			remoteGlobalIDString = 65B50F342950FC5A00646BC0;
			remoteInfo = GBShopSwiftUI;
		};
/* End PBXContainerItemProxy section */

/* Begin PBXFileReference section */
		65B50F352950FC5A00646BC0 /* GBShopSwiftUI.app */ = {isa = PBXFileReference; explicitFileType = wrapper.application; includeInIndex = 0; path = GBShopSwiftUI.app; sourceTree = BUILT_PRODUCTS_DIR; };
		65B50F382950FC5A00646BC0 /* GBShopSwiftUIApp.swift */ = {isa = PBXFileReference; lastKnownFileType = sourcecode.swift; path = GBShopSwiftUIApp.swift; sourceTree = "<group>"; };
		65B50F3A2950FC5A00646BC0 /* ContentView.swift */ = {isa = PBXFileReference; lastKnownFileType = sourcecode.swift; path = ContentView.swift; sourceTree = "<group>"; };
		65B50F3C2950FC5B00646BC0 /* Assets.xcassets */ = {isa = PBXFileReference; lastKnownFileType = folder.assetcatalog; path = Assets.xcassets; sourceTree = "<group>"; };
		65B50F3F2950FC5B00646BC0 /* Preview Assets.xcassets */ = {isa = PBXFileReference; lastKnownFileType = folder.assetcatalog; path = "Preview Assets.xcassets"; sourceTree = "<group>"; };
		65B50F452950FC5B00646BC0 /* GBShopSwiftUITests.xctest */ = {isa = PBXFileReference; explicitFileType = wrapper.cfbundle; includeInIndex = 0; path = GBShopSwiftUITests.xctest; sourceTree = BUILT_PRODUCTS_DIR; };
		65B50F492950FC5B00646BC0 /* GBShopSwiftUITests.swift */ = {isa = PBXFileReference; lastKnownFileType = sourcecode.swift; path = GBShopSwiftUITests.swift; sourceTree = "<group>"; };
		65B50F4F2950FC5B00646BC0 /* GBShopSwiftUIUITests.xctest */ = {isa = PBXFileReference; explicitFileType = wrapper.cfbundle; includeInIndex = 0; path = GBShopSwiftUIUITests.xctest; sourceTree = BUILT_PRODUCTS_DIR; };
		65B50F532950FC5B00646BC0 /* GBShopSwiftUIUITests.swift */ = {isa = PBXFileReference; lastKnownFileType = sourcecode.swift; path = GBShopSwiftUIUITests.swift; sourceTree = "<group>"; };
		65B50F552950FC5B00646BC0 /* GBShopSwiftUIUITestsLaunchTests.swift */ = {isa = PBXFileReference; lastKnownFileType = sourcecode.swift; path = GBShopSwiftUIUITestsLaunchTests.swift; sourceTree = "<group>"; };
/* End PBXFileReference section */

/* Begin PBXFrameworksBuildPhase section */
		65B50F322950FC5A00646BC0 /* Frameworks */ = {
			isa = PBXFrameworksBuildPhase;
			buildActionMask = 2147483647;
			files = (
			);
			runOnlyForDeploymentPostprocessing = 0;
		};
		65B50F422950FC5B00646BC0 /* Frameworks */ = {
			isa = PBXFrameworksBuildPhase;
			buildActionMask = 2147483647;
			files = (
			);
			runOnlyForDeploymentPostprocessing = 0;
		};
		65B50F4C2950FC5B00646BC0 /* Frameworks */ = {
			isa = PBXFrameworksBuildPhase;
			buildActionMask = 2147483647;
			files = (
			);
			runOnlyForDeploymentPostprocessing = 0;
		};
/* End PBXFrameworksBuildPhase section */

/* Begin PBXGroup section */
		650043CA29510165003D5AA1 /* App */ = {
			isa = PBXGroup;
			children = (
			);
			path = App;
			sourceTree = "<group>";
		};
		650043CB2951017D003D5AA1 /* BussinessLogic */ = {
			isa = PBXGroup;
			children = (
			);
			path = BussinessLogic;
			sourceTree = "<group>";
		};
		65B50F2C2950FC5A00646BC0 = {
			isa = PBXGroup;
			children = (
				65B50F372950FC5A00646BC0 /* GBShopSwiftUI */,
				65B50F482950FC5B00646BC0 /* GBShopSwiftUITests */,
				65B50F522950FC5B00646BC0 /* GBShopSwiftUIUITests */,
				65B50F362950FC5A00646BC0 /* Products */,
			);
			sourceTree = "<group>";
		};
		65B50F362950FC5A00646BC0 /* Products */ = {
			isa = PBXGroup;
			children = (
				65B50F352950FC5A00646BC0 /* GBShopSwiftUI.app */,
				65B50F452950FC5B00646BC0 /* GBShopSwiftUITests.xctest */,
				65B50F4F2950FC5B00646BC0 /* GBShopSwiftUIUITests.xctest */,
			);
			name = Products;
			sourceTree = "<group>";
		};
		65B50F372950FC5A00646BC0 /* GBShopSwiftUI */ = {
			isa = PBXGroup;
			children = (
				650043CA29510165003D5AA1 /* App */,
				65B50F382950FC5A00646BC0 /* GBShopSwiftUIApp.swift */,
				650043CB2951017D003D5AA1 /* BussinessLogic */,
				65B50F3A2950FC5A00646BC0 /* ContentView.swift */,
				65B50F3C2950FC5B00646BC0 /* Assets.xcassets */,
				65B50F3E2950FC5B00646BC0 /* Preview Content */,
			);
			path = GBShopSwiftUI;
			sourceTree = "<group>";
		};
		65B50F3E2950FC5B00646BC0 /* Preview Content */ = {
			isa = PBXGroup;
			children = (
				65B50F3F2950FC5B00646BC0 /* Preview Assets.xcassets */,
			);
			path = "Preview Content";
			sourceTree = "<group>";
		};
		65B50F482950FC5B00646BC0 /* GBShopSwiftUITests */ = {
			isa = PBXGroup;
			children = (
				65B50F492950FC5B00646BC0 /* GBShopSwiftUITests.swift */,
			);
			path = GBShopSwiftUITests;
			sourceTree = "<group>";
		};
		65B50F522950FC5B00646BC0 /* GBShopSwiftUIUITests */ = {
			isa = PBXGroup;
			children = (
				65B50F532950FC5B00646BC0 /* GBShopSwiftUIUITests.swift */,
				65B50F552950FC5B00646BC0 /* GBShopSwiftUIUITestsLaunchTests.swift */,
			);
			path = GBShopSwiftUIUITests;
			sourceTree = "<group>";
		};
/* End PBXGroup section */

/* Begin PBXNativeTarget section */
		65B50F342950FC5A00646BC0 /* GBShopSwiftUI */ = {
			isa = PBXNativeTarget;
			buildConfigurationList = 65B50F592950FC5B00646BC0 /* Build configuration list for PBXNativeTarget "GBShopSwiftUI" */;
			buildPhases = (
				65B50F312950FC5A00646BC0 /* Sources */,
				65B50F322950FC5A00646BC0 /* Frameworks */,
				65B50F332950FC5A00646BC0 /* Resources */,
			);
			buildRules = (
			);
			dependencies = (
			);
			name = GBShopSwiftUI;
			productName = GBShopSwiftUI;
			productReference = 65B50F352950FC5A00646BC0 /* GBShopSwiftUI.app */;
			productType = "com.apple.product-type.application";
		};
		65B50F442950FC5B00646BC0 /* GBShopSwiftUITests */ = {
			isa = PBXNativeTarget;
			buildConfigurationList = 65B50F5C2950FC5B00646BC0 /* Build configuration list for PBXNativeTarget "GBShopSwiftUITests" */;
			buildPhases = (
				65B50F412950FC5B00646BC0 /* Sources */,
				65B50F422950FC5B00646BC0 /* Frameworks */,
				65B50F432950FC5B00646BC0 /* Resources */,
			);
			buildRules = (
			);
			dependencies = (
				65B50F472950FC5B00646BC0 /* PBXTargetDependency */,
			);
			name = GBShopSwiftUITests;
			productName = GBShopSwiftUITests;
			productReference = 65B50F452950FC5B00646BC0 /* GBShopSwiftUITests.xctest */;
			productType = "com.apple.product-type.bundle.unit-test";
		};
		65B50F4E2950FC5B00646BC0 /* GBShopSwiftUIUITests */ = {
			isa = PBXNativeTarget;
			buildConfigurationList = 65B50F5F2950FC5B00646BC0 /* Build configuration list for PBXNativeTarget "GBShopSwiftUIUITests" */;
			buildPhases = (
				65B50F4B2950FC5B00646BC0 /* Sources */,
				65B50F4C2950FC5B00646BC0 /* Frameworks */,
				65B50F4D2950FC5B00646BC0 /* Resources */,
			);
			buildRules = (
			);
			dependencies = (
				65B50F512950FC5B00646BC0 /* PBXTargetDependency */,
			);
			name = GBShopSwiftUIUITests;
			productName = GBShopSwiftUIUITests;
			productReference = 65B50F4F2950FC5B00646BC0 /* GBShopSwiftUIUITests.xctest */;
			productType = "com.apple.product-type.bundle.ui-testing";
		};
/* End PBXNativeTarget section */

/* Begin PBXProject section */
		65B50F2D2950FC5A00646BC0 /* Project object */ = {
			isa = PBXProject;
			attributes = {
				BuildIndependentTargetsInParallel = 1;
				LastSwiftUpdateCheck = 1340;
				LastUpgradeCheck = 1340;
				TargetAttributes = {
					65B50F342950FC5A00646BC0 = {
						CreatedOnToolsVersion = 13.4.1;
					};
					65B50F442950FC5B00646BC0 = {
						CreatedOnToolsVersion = 13.4.1;
						TestTargetID = 65B50F342950FC5A00646BC0;
					};
					65B50F4E2950FC5B00646BC0 = {
						CreatedOnToolsVersion = 13.4.1;
						TestTargetID = 65B50F342950FC5A00646BC0;
					};
				};
			};
			buildConfigurationList = 65B50F302950FC5A00646BC0 /* Build configuration list for PBXProject "GBShopSwiftUI" */;
			compatibilityVersion = "Xcode 13.0";
			developmentRegion = en;
			hasScannedForEncodings = 0;
			knownRegions = (
				en,
				Base,
			);
			mainGroup = 65B50F2C2950FC5A00646BC0;
			productRefGroup = 65B50F362950FC5A00646BC0 /* Products */;
			projectDirPath = "";
			projectRoot = "";
			targets = (
				65B50F342950FC5A00646BC0 /* GBShopSwiftUI */,
				65B50F442950FC5B00646BC0 /* GBShopSwiftUITests */,
				65B50F4E2950FC5B00646BC0 /* GBShopSwiftUIUITests */,
			);
		};
/* End PBXProject section */

/* Begin PBXResourcesBuildPhase section */
		65B50F332950FC5A00646BC0 /* Resources */ = {
			isa = PBXResourcesBuildPhase;
			buildActionMask = 2147483647;
			files = (
				65B50F402950FC5B00646BC0 /* Preview Assets.xcassets in Resources */,
				65B50F3D2950FC5B00646BC0 /* Assets.xcassets in Resources */,
			);
			runOnlyForDeploymentPostprocessing = 0;
		};
		65B50F432950FC5B00646BC0 /* Resources */ = {
			isa = PBXResourcesBuildPhase;
			buildActionMask = 2147483647;
			files = (
			);
			runOnlyForDeploymentPostprocessing = 0;
		};
		65B50F4D2950FC5B00646BC0 /* Resources */ = {
			isa = PBXResourcesBuildPhase;
			buildActionMask = 2147483647;
			files = (
			);
			runOnlyForDeploymentPostprocessing = 0;
		};
/* End PBXResourcesBuildPhase section */

/* Begin PBXSourcesBuildPhase section */
		65B50F312950FC5A00646BC0 /* Sources */ = {
			isa = PBXSourcesBuildPhase;
			buildActionMask = 2147483647;
			files = (
				65B50F3B2950FC5A00646BC0 /* ContentView.swift in Sources */,
				65B50F392950FC5A00646BC0 /* GBShopSwiftUIApp.swift in Sources */,
			);
			runOnlyForDeploymentPostprocessing = 0;
		};
		65B50F412950FC5B00646BC0 /* Sources */ = {
			isa = PBXSourcesBuildPhase;
			buildActionMask = 2147483647;
			files = (
				65B50F4A2950FC5B00646BC0 /* GBShopSwiftUITests.swift in Sources */,
			);
			runOnlyForDeploymentPostprocessing = 0;
		};
		65B50F4B2950FC5B00646BC0 /* Sources */ = {
			isa = PBXSourcesBuildPhase;
			buildActionMask = 2147483647;
			files = (
				65B50F542950FC5B00646BC0 /* GBShopSwiftUIUITests.swift in Sources */,
				65B50F562950FC5B00646BC0 /* GBShopSwiftUIUITestsLaunchTests.swift in Sources */,
			);
			runOnlyForDeploymentPostprocessing = 0;
		};
/* End PBXSourcesBuildPhase section */

/* Begin PBXTargetDependency section */
		65B50F472950FC5B00646BC0 /* PBXTargetDependency */ = {
			isa = PBXTargetDependency;
			target = 65B50F342950FC5A00646BC0 /* GBShopSwiftUI */;
			targetProxy = 65B50F462950FC5B00646BC0 /* PBXContainerItemProxy */;
		};
		65B50F512950FC5B00646BC0 /* PBXTargetDependency */ = {
			isa = PBXTargetDependency;
			target = 65B50F342950FC5A00646BC0 /* GBShopSwiftUI */;
			targetProxy = 65B50F502950FC5B00646BC0 /* PBXContainerItemProxy */;
		};
/* End PBXTargetDependency section */

/* Begin XCBuildConfiguration section */
		65B50F572950FC5B00646BC0 /* Debug */ = {
			isa = XCBuildConfiguration;
			buildSettings = {
				ALWAYS_SEARCH_USER_PATHS = NO;
				CLANG_ANALYZER_NONNULL = YES;
				CLANG_ANALYZER_NUMBER_OBJECT_CONVERSION = YES_AGGRESSIVE;
				CLANG_CXX_LANGUAGE_STANDARD = "gnu++17";
				CLANG_ENABLE_MODULES = YES;
				CLANG_ENABLE_OBJC_ARC = YES;
				CLANG_ENABLE_OBJC_WEAK = YES;
				CLANG_WARN_BLOCK_CAPTURE_AUTORELEASING = YES;
				CLANG_WARN_BOOL_CONVERSION = YES;
				CLANG_WARN_COMMA = YES;
				CLANG_WARN_CONSTANT_CONVERSION = YES;
				CLANG_WARN_DEPRECATED_OBJC_IMPLEMENTATIONS = YES;
				CLANG_WARN_DIRECT_OBJC_ISA_USAGE = YES_ERROR;
				CLANG_WARN_DOCUMENTATION_COMMENTS = YES;
				CLANG_WARN_EMPTY_BODY = YES;
				CLANG_WARN_ENUM_CONVERSION = YES;
				CLANG_WARN_INFINITE_RECURSION = YES;
				CLANG_WARN_INT_CONVERSION = YES;
				CLANG_WARN_NON_LITERAL_NULL_CONVERSION = YES;
				CLANG_WARN_OBJC_IMPLICIT_RETAIN_SELF = YES;
				CLANG_WARN_OBJC_LITERAL_CONVERSION = YES;
				CLANG_WARN_OBJC_ROOT_CLASS = YES_ERROR;
				CLANG_WARN_QUOTED_INCLUDE_IN_FRAMEWORK_HEADER = YES;
				CLANG_WARN_RANGE_LOOP_ANALYSIS = YES;
				CLANG_WARN_STRICT_PROTOTYPES = YES;
				CLANG_WARN_SUSPICIOUS_MOVE = YES;
				CLANG_WARN_UNGUARDED_AVAILABILITY = YES_AGGRESSIVE;
				CLANG_WARN_UNREACHABLE_CODE = YES;
				CLANG_WARN__DUPLICATE_METHOD_MATCH = YES;
				COPY_PHASE_STRIP = NO;
				DEBUG_INFORMATION_FORMAT = dwarf;
				ENABLE_STRICT_OBJC_MSGSEND = YES;
				ENABLE_TESTABILITY = YES;
				GCC_C_LANGUAGE_STANDARD = gnu11;
				GCC_DYNAMIC_NO_PIC = NO;
				GCC_NO_COMMON_BLOCKS = YES;
				GCC_OPTIMIZATION_LEVEL = 0;
				GCC_PREPROCESSOR_DEFINITIONS = (
					"DEBUG=1",
					"$(inherited)",
				);
				GCC_WARN_64_TO_32_BIT_CONVERSION = YES;
				GCC_WARN_ABOUT_RETURN_TYPE = YES_ERROR;
				GCC_WARN_UNDECLARED_SELECTOR = YES;
				GCC_WARN_UNINITIALIZED_AUTOS = YES_AGGRESSIVE;
				GCC_WARN_UNUSED_FUNCTION = YES;
				GCC_WARN_UNUSED_VARIABLE = YES;
				IPHONEOS_DEPLOYMENT_TARGET = 15.5;
				MTL_ENABLE_DEBUG_INFO = INCLUDE_SOURCE;
				MTL_FAST_MATH = YES;
				ONLY_ACTIVE_ARCH = YES;
				SDKROOT = iphoneos;
				SWIFT_ACTIVE_COMPILATION_CONDITIONS = DEBUG;
				SWIFT_OPTIMIZATION_LEVEL = "-Onone";
			};
			name = Debug;
		};
		65B50F582950FC5B00646BC0 /* Release */ = {
			isa = XCBuildConfiguration;
			buildSettings = {
				ALWAYS_SEARCH_USER_PATHS = NO;
				CLANG_ANALYZER_NONNULL = YES;
				CLANG_ANALYZER_NUMBER_OBJECT_CONVERSION = YES_AGGRESSIVE;
				CLANG_CXX_LANGUAGE_STANDARD = "gnu++17";
				CLANG_ENABLE_MODULES = YES;
				CLANG_ENABLE_OBJC_ARC = YES;
				CLANG_ENABLE_OBJC_WEAK = YES;
				CLANG_WARN_BLOCK_CAPTURE_AUTORELEASING = YES;
				CLANG_WARN_BOOL_CONVERSION = YES;
				CLANG_WARN_COMMA = YES;
				CLANG_WARN_CONSTANT_CONVERSION = YES;
				CLANG_WARN_DEPRECATED_OBJC_IMPLEMENTATIONS = YES;
				CLANG_WARN_DIRECT_OBJC_ISA_USAGE = YES_ERROR;
				CLANG_WARN_DOCUMENTATION_COMMENTS = YES;
				CLANG_WARN_EMPTY_BODY = YES;
				CLANG_WARN_ENUM_CONVERSION = YES;
				CLANG_WARN_INFINITE_RECURSION = YES;
				CLANG_WARN_INT_CONVERSION = YES;
				CLANG_WARN_NON_LITERAL_NULL_CONVERSION = YES;
				CLANG_WARN_OBJC_IMPLICIT_RETAIN_SELF = YES;
				CLANG_WARN_OBJC_LITERAL_CONVERSION = YES;
				CLANG_WARN_OBJC_ROOT_CLASS = YES_ERROR;
				CLANG_WARN_QUOTED_INCLUDE_IN_FRAMEWORK_HEADER = YES;
				CLANG_WARN_RANGE_LOOP_ANALYSIS = YES;
				CLANG_WARN_STRICT_PROTOTYPES = YES;
				CLANG_WARN_SUSPICIOUS_MOVE = YES;
				CLANG_WARN_UNGUARDED_AVAILABILITY = YES_AGGRESSIVE;
				CLANG_WARN_UNREACHABLE_CODE = YES;
				CLANG_WARN__DUPLICATE_METHOD_MATCH = YES;
				COPY_PHASE_STRIP = NO;
				DEBUG_INFORMATION_FORMAT = "dwarf-with-dsym";
				ENABLE_NS_ASSERTIONS = NO;
				ENABLE_STRICT_OBJC_MSGSEND = YES;
				GCC_C_LANGUAGE_STANDARD = gnu11;
				GCC_NO_COMMON_BLOCKS = YES;
				GCC_WARN_64_TO_32_BIT_CONVERSION = YES;
				GCC_WARN_ABOUT_RETURN_TYPE = YES_ERROR;
				GCC_WARN_UNDECLARED_SELECTOR = YES;
				GCC_WARN_UNINITIALIZED_AUTOS = YES_AGGRESSIVE;
				GCC_WARN_UNUSED_FUNCTION = YES;
				GCC_WARN_UNUSED_VARIABLE = YES;
				IPHONEOS_DEPLOYMENT_TARGET = 15.5;
				MTL_ENABLE_DEBUG_INFO = NO;
				MTL_FAST_MATH = YES;
				SDKROOT = iphoneos;
				SWIFT_COMPILATION_MODE = wholemodule;
				SWIFT_OPTIMIZATION_LEVEL = "-O";
				VALIDATE_PRODUCT = YES;
			};
			name = Release;
		};
		65B50F5A2950FC5B00646BC0 /* Debug */ = {
			isa = XCBuildConfiguration;
			buildSettings = {
				ASSETCATALOG_COMPILER_APPICON_NAME = AppIcon;
				ASSETCATALOG_COMPILER_GLOBAL_ACCENT_COLOR_NAME = AccentColor;
				CODE_SIGN_STYLE = Automatic;
				CURRENT_PROJECT_VERSION = 1;
				DEVELOPMENT_ASSET_PATHS = "\"GBShopSwiftUI/Preview Content\"";
				DEVELOPMENT_TEAM = 4B7X8R67WN;
				ENABLE_PREVIEWS = YES;
				GENERATE_INFOPLIST_FILE = YES;
				INFOPLIST_KEY_UIApplicationSceneManifest_Generation = YES;
				INFOPLIST_KEY_UIApplicationSupportsIndirectInputEvents = YES;
				INFOPLIST_KEY_UILaunchScreen_Generation = YES;
				INFOPLIST_KEY_UISupportedInterfaceOrientations_iPad = "UIInterfaceOrientationPortrait UIInterfaceOrientationPortraitUpsideDown UIInterfaceOrientationLandscapeLeft UIInterfaceOrientationLandscapeRight";
				INFOPLIST_KEY_UISupportedInterfaceOrientations_iPhone = "UIInterfaceOrientationPortrait UIInterfaceOrientationLandscapeLeft UIInterfaceOrientationLandscapeRight";
				LD_RUNPATH_SEARCH_PATHS = (
					"$(inherited)",
					"@executable_path/Frameworks",
				);
				MARKETING_VERSION = 1.0;
				PRODUCT_BUNDLE_IDENTIFIER = PiZero.GBShopSwiftUI;
				PRODUCT_NAME = "$(TARGET_NAME)";
				SWIFT_EMIT_LOC_STRINGS = YES;
				SWIFT_VERSION = 5.0;
				TARGETED_DEVICE_FAMILY = "1,2";
			};
			name = Debug;
		};
		65B50F5B2950FC5B00646BC0 /* Release */ = {
			isa = XCBuildConfiguration;
			buildSettings = {
				ASSETCATALOG_COMPILER_APPICON_NAME = AppIcon;
				ASSETCATALOG_COMPILER_GLOBAL_ACCENT_COLOR_NAME = AccentColor;
				CODE_SIGN_STYLE = Automatic;
				CURRENT_PROJECT_VERSION = 1;
				DEVELOPMENT_ASSET_PATHS = "\"GBShopSwiftUI/Preview Content\"";
				DEVELOPMENT_TEAM = 4B7X8R67WN;
				ENABLE_PREVIEWS = YES;
				GENERATE_INFOPLIST_FILE = YES;
				INFOPLIST_KEY_UIApplicationSceneManifest_Generation = YES;
				INFOPLIST_KEY_UIApplicationSupportsIndirectInputEvents = YES;
				INFOPLIST_KEY_UILaunchScreen_Generation = YES;
				INFOPLIST_KEY_UISupportedInterfaceOrientations_iPad = "UIInterfaceOrientationPortrait UIInterfaceOrientationPortraitUpsideDown UIInterfaceOrientationLandscapeLeft UIInterfaceOrientationLandscapeRight";
				INFOPLIST_KEY_UISupportedInterfaceOrientations_iPhone = "UIInterfaceOrientationPortrait UIInterfaceOrientationLandscapeLeft UIInterfaceOrientationLandscapeRight";
				LD_RUNPATH_SEARCH_PATHS = (
					"$(inherited)",
					"@executable_path/Frameworks",
				);
				MARKETING_VERSION = 1.0;
				PRODUCT_BUNDLE_IDENTIFIER = PiZero.GBShopSwiftUI;
				PRODUCT_NAME = "$(TARGET_NAME)";
				SWIFT_EMIT_LOC_STRINGS = YES;
				SWIFT_VERSION = 5.0;
				TARGETED_DEVICE_FAMILY = "1,2";
			};
			name = Release;
		};
		65B50F5D2950FC5B00646BC0 /* Debug */ = {
			isa = XCBuildConfiguration;
			buildSettings = {
				ALWAYS_EMBED_SWIFT_STANDARD_LIBRARIES = YES;
				BUNDLE_LOADER = "$(TEST_HOST)";
				CODE_SIGN_STYLE = Automatic;
				CURRENT_PROJECT_VERSION = 1;
				DEVELOPMENT_TEAM = 4B7X8R67WN;
				GENERATE_INFOPLIST_FILE = YES;
				IPHONEOS_DEPLOYMENT_TARGET = 15.5;
				MARKETING_VERSION = 1.0;
				PRODUCT_BUNDLE_IDENTIFIER = PiZero.GBShopSwiftUITests;
				PRODUCT_NAME = "$(TARGET_NAME)";
				SWIFT_EMIT_LOC_STRINGS = NO;
				SWIFT_VERSION = 5.0;
				TARGETED_DEVICE_FAMILY = "1,2";
				TEST_HOST = "$(BUILT_PRODUCTS_DIR)/GBShopSwiftUI.app/GBShopSwiftUI";
			};
			name = Debug;
		};
		65B50F5E2950FC5B00646BC0 /* Release */ = {
			isa = XCBuildConfiguration;
			buildSettings = {
				ALWAYS_EMBED_SWIFT_STANDARD_LIBRARIES = YES;
				BUNDLE_LOADER = "$(TEST_HOST)";
				CODE_SIGN_STYLE = Automatic;
				CURRENT_PROJECT_VERSION = 1;
				DEVELOPMENT_TEAM = 4B7X8R67WN;
				GENERATE_INFOPLIST_FILE = YES;
				IPHONEOS_DEPLOYMENT_TARGET = 15.5;
				MARKETING_VERSION = 1.0;
				PRODUCT_BUNDLE_IDENTIFIER = PiZero.GBShopSwiftUITests;
				PRODUCT_NAME = "$(TARGET_NAME)";
				SWIFT_EMIT_LOC_STRINGS = NO;
				SWIFT_VERSION = 5.0;
				TARGETED_DEVICE_FAMILY = "1,2";
				TEST_HOST = "$(BUILT_PRODUCTS_DIR)/GBShopSwiftUI.app/GBShopSwiftUI";
			};
			name = Release;
		};
		65B50F602950FC5B00646BC0 /* Debug */ = {
			isa = XCBuildConfiguration;
			buildSettings = {
				ALWAYS_EMBED_SWIFT_STANDARD_LIBRARIES = YES;
				CODE_SIGN_STYLE = Automatic;
				CURRENT_PROJECT_VERSION = 1;
				DEVELOPMENT_TEAM = 4B7X8R67WN;
				GENERATE_INFOPLIST_FILE = YES;
				MARKETING_VERSION = 1.0;
				PRODUCT_BUNDLE_IDENTIFIER = PiZero.GBShopSwiftUIUITests;
				PRODUCT_NAME = "$(TARGET_NAME)";
				SWIFT_EMIT_LOC_STRINGS = NO;
				SWIFT_VERSION = 5.0;
				TARGETED_DEVICE_FAMILY = "1,2";
				TEST_TARGET_NAME = GBShopSwiftUI;
			};
			name = Debug;
		};
		65B50F612950FC5B00646BC0 /* Release */ = {
			isa = XCBuildConfiguration;
			buildSettings = {
				ALWAYS_EMBED_SWIFT_STANDARD_LIBRARIES = YES;
				CODE_SIGN_STYLE = Automatic;
				CURRENT_PROJECT_VERSION = 1;
				DEVELOPMENT_TEAM = 4B7X8R67WN;
				GENERATE_INFOPLIST_FILE = YES;
				MARKETING_VERSION = 1.0;
				PRODUCT_BUNDLE_IDENTIFIER = PiZero.GBShopSwiftUIUITests;
				PRODUCT_NAME = "$(TARGET_NAME)";
				SWIFT_EMIT_LOC_STRINGS = NO;
				SWIFT_VERSION = 5.0;
				TARGETED_DEVICE_FAMILY = "1,2";
				TEST_TARGET_NAME = GBShopSwiftUI;
			};
			name = Release;
		};
/* End XCBuildConfiguration section */

/* Begin XCConfigurationList section */
		65B50F302950FC5A00646BC0 /* Build configuration list for PBXProject "GBShopSwiftUI" */ = {
			isa = XCConfigurationList;
			buildConfigurations = (
				65B50F572950FC5B00646BC0 /* Debug */,
				65B50F582950FC5B00646BC0 /* Release */,
			);
			defaultConfigurationIsVisible = 0;
			defaultConfigurationName = Release;
		};
		65B50F592950FC5B00646BC0 /* Build configuration list for PBXNativeTarget "GBShopSwiftUI" */ = {
			isa = XCConfigurationList;
			buildConfigurations = (
				65B50F5A2950FC5B00646BC0 /* Debug */,
				65B50F5B2950FC5B00646BC0 /* Release */,
			);
			defaultConfigurationIsVisible = 0;
			defaultConfigurationName = Release;
		};
		65B50F5C2950FC5B00646BC0 /* Build configuration list for PBXNativeTarget "GBShopSwiftUITests" */ = {
			isa = XCConfigurationList;
			buildConfigurations = (
				65B50F5D2950FC5B00646BC0 /* Debug */,
				65B50F5E2950FC5B00646BC0 /* Release */,
			);
			defaultConfigurationIsVisible = 0;
			defaultConfigurationName = Release;
		};
		65B50F5F2950FC5B00646BC0 /* Build configuration list for PBXNativeTarget "GBShopSwiftUIUITests" */ = {
			isa = XCConfigurationList;
			buildConfigurations = (
				65B50F602950FC5B00646BC0 /* Debug */,
				65B50F612950FC5B00646BC0 /* Release */,
			);
			defaultConfigurationIsVisible = 0;
			defaultConfigurationName = Release;
		};
/* End XCConfigurationList section */
	};
	rootObject = 65B50F2D2950FC5A00646BC0 /* Project object */;
}
